
Microsoft Visual Studio Solution File, Format Version 12.00
# Visual Studio Version 17
VisualStudioVersion = 17.5.33516.290
MinimumVisualStudioVersion = 10.0.40219.1
Project("{FAE04EC0-301F-11D3-BF4B-00C04F79EFBC}") = "MvcMovie", "MvcMovie.csproj", "{FB7B6BE5-89A7-4CE7-8D20-A16403919F10}"
EndProject
Global
	GlobalSection(SolutionConfigurationPlatforms) = preSolution
		Debug|Any CPU = Debug|Any CPU
		Release|Any CPU = Release|Any CPU
	EndGlobalSection
	GlobalSection(ProjectConfigurationPlatforms) = postSolution
		{FB7B6BE5-89A7-4CE7-8D20-A16403919F10}.Debug|Any CPU.ActiveCfg = Debug|Any CPU
		{FB7B6BE5-89A7-4CE7-8D20-A16403919F10}.Debug|Any CPU.Build.0 = Debug|Any CPU
		{FB7B6BE5-89A7-4CE7-8D20-A16403919F10}.Release|Any CPU.ActiveCfg = Release|Any CPU
		{FB7B6BE5-89A7-4CE7-8D20-A16403919F10}.Release|Any CPU.Build.0 = Release|Any CPU
	EndGlobalSection
	GlobalSection(SolutionProperties) = preSolution
		HideSolutionNode = FALSE
	EndGlobalSection
	GlobalSection(ExtensibilityGlobals) = postSolution
		SolutionGuid = {5B7D0953-6546-4548-8516-01E07EB5066A}
	EndGlobalSection
EndGlobal
